
Microsoft Visual Studio Solution File, Format Version 12.00
# Visual Studio Version 17
VisualStudioVersion = 17.4.33103.184
MinimumVisualStudioVersion = 10.0.40219.1
Project("{2150E333-8FDC-42A3-9474-1A3956D46DE8}") = "src", "src", "{E6EFB474-70CA-40F0-A82F-572235B50DBC}"
EndProject
Project("{2150E333-8FDC-42A3-9474-1A3956D46DE8}") = "samples", "samples", "{3D9A5267-63E1-4E4C-8789-6B7AF5B5FD05}"
EndProject
Project("{9A19103F-16F7-4668-BE54-9A1E7A4F7556}") = "Elmah.Io.Wpf", "src\Elmah.Io.Wpf\Elmah.Io.Wpf.csproj", "{DD5BB7A0-6C9B-4E44-8A6B-F15BFDEFDAD4}"
EndProject
Project("{FAE04EC0-301F-11D3-BF4B-00C04F79EFBC}") = "Elmah.Io.Wpf.NetFramework48", "samples\Elmah.Io.Wpf.NetFramework48\Elmah.Io.Wpf.NetFramework48.csproj", "{B823CB00-23ED-46D2-8BDD-DEBCCBD0F03C}"
EndProject
Project("{9A19103F-16F7-4668-BE54-9A1E7A4F7556}") = "Elmah.Io.Wpf.Net60", "samples\Elmah.Io.Wpf.Net60\Elmah.Io.Wpf.Net60.csproj", "{91FC2471-9D24-444D-B5E1-5CD20EC5AFF9}"
EndProject
Project("{FAE04EC0-301F-11D3-BF4B-00C04F79EFBC}") = "Elmah.Io.Wpf.Net80", "samples\Elmah.Io.Wpf.Net80\Elmah.Io.Wpf.Net80.csproj", "{04AB5CB1-67BE-4083-B422-ACAEBA7FD79F}"
EndProject
Project("{2150E333-8FDC-42A3-9474-1A3956D46DE8}") = "test", "test", "{B9A1E279-07FF-4A59-A0B9-323B9C26B47E}"
EndProject
Project("{FAE04EC0-301F-11D3-BF4B-00C04F79EFBC}") = "Elmah.Io.Wpf.Test", "test\Elmah.Io.Wpf.Test\Elmah.Io.Wpf.Test.csproj", "{1FEFAF63-9877-4C8B-AE8F-11BBB1FC9BB2}"
EndProject
Project("{FAE04EC0-301F-11D3-BF4B-00C04F79EFBC}") = "Elmah.Io.Wpf.Net90", "samples\Elmah.Io.Wpf.Net90\Elmah.Io.Wpf.Net90.csproj", "{E2EBE602-4F04-49E1-940A-E646CDE150D4}"
EndProject
Global
	GlobalSection(SolutionConfigurationPlatforms) = preSolution
		Debug|Any CPU = Debug|Any CPU
		Release|Any CPU = Release|Any CPU
	EndGlobalSection
	GlobalSection(ProjectConfigurationPlatforms) = postSolution
		{DD5BB7A0-6C9B-4E44-8A6B-F15BFDEFDAD4}.Debug|Any CPU.ActiveCfg = Debug|Any CPU
		{DD5BB7A0-6C9B-4E44-8A6B-F15BFDEFDAD4}.Debug|Any CPU.Build.0 = Debug|Any CPU
		{DD5BB7A0-6C9B-4E44-8A6B-F15BFDEFDAD4}.Release|Any CPU.ActiveCfg = Release|Any CPU
		{DD5BB7A0-6C9B-4E44-8A6B-F15BFDEFDAD4}.Release|Any CPU.Build.0 = Release|Any CPU
		{B823CB00-23ED-46D2-8BDD-DEBCCBD0F03C}.Debug|Any CPU.ActiveCfg = Debug|Any CPU
		{B823CB00-23ED-46D2-8BDD-DEBCCBD0F03C}.Debug|Any CPU.Build.0 = Debug|Any CPU
		{B823CB00-23ED-46D2-8BDD-DEBCCBD0F03C}.Release|Any CPU.ActiveCfg = Release|Any CPU
		{B823CB00-23ED-46D2-8BDD-DEBCCBD0F03C}.Release|Any CPU.Build.0 = Release|Any CPU
		{91FC2471-9D24-444D-B5E1-5CD20EC5AFF9}.Debug|Any CPU.ActiveCfg = Debug|Any CPU
		{91FC2471-9D24-444D-B5E1-5CD20EC5AFF9}.Debug|Any CPU.Build.0 = Debug|Any CPU
		{91FC2471-9D24-444D-B5E1-5CD20EC5AFF9}.Release|Any CPU.ActiveCfg = Release|Any CPU
		{91FC2471-9D24-444D-B5E1-5CD20EC5AFF9}.Release|Any CPU.Build.0 = Release|Any CPU
		{04AB5CB1-67BE-4083-B422-ACAEBA7FD79F}.Debug|Any CPU.ActiveCfg = Debug|Any CPU
		{04AB5CB1-67BE-4083-B422-ACAEBA7FD79F}.Debug|Any CPU.Build.0 = Debug|Any CPU
		{04AB5CB1-67BE-4083-B422-ACAEBA7FD79F}.Release|Any CPU.ActiveCfg = Release|Any CPU
		{04AB5CB1-67BE-4083-B422-ACAEBA7FD79F}.Release|Any CPU.Build.0 = Release|Any CPU
		{1FEFAF63-9877-4C8B-AE8F-11BBB1FC9BB2}.Debug|Any CPU.ActiveCfg = Debug|Any CPU
		{1FEFAF63-9877-4C8B-AE8F-11BBB1FC9BB2}.Debug|Any CPU.Build.0 = Debug|Any CPU
		{1FEFAF63-9877-4C8B-AE8F-11BBB1FC9BB2}.Release|Any CPU.ActiveCfg = Release|Any CPU
		{1FEFAF63-9877-4C8B-AE8F-11BBB1FC9BB2}.Release|Any CPU.Build.0 = Release|Any CPU
		{E2EBE602-4F04-49E1-940A-E646CDE150D4}.Debug|Any CPU.ActiveCfg = Debug|Any CPU
		{E2EBE602-4F04-49E1-940A-E646CDE150D4}.Debug|Any CPU.Build.0 = Debug|Any CPU
		{E2EBE602-4F04-49E1-940A-E646CDE150D4}.Release|Any CPU.ActiveCfg = Release|Any CPU
		{E2EBE602-4F04-49E1-940A-E646CDE150D4}.Release|Any CPU.Build.0 = Release|Any CPU
	EndGlobalSection
	GlobalSection(SolutionProperties) = preSolution
		HideSolutionNode = FALSE
	EndGlobalSection
	GlobalSection(NestedProjects) = preSolution
		{DD5BB7A0-6C9B-4E44-8A6B-F15BFDEFDAD4} = {E6EFB474-70CA-40F0-A82F-572235B50DBC}
		{B823CB00-23ED-46D2-8BDD-DEBCCBD0F03C} = {3D9A5267-63E1-4E4C-8789-6B7AF5B5FD05}
		{91FC2471-9D24-444D-B5E1-5CD20EC5AFF9} = {3D9A5267-63E1-4E4C-8789-6B7AF5B5FD05}
		{04AB5CB1-67BE-4083-B422-ACAEBA7FD79F} = {3D9A5267-63E1-4E4C-8789-6B7AF5B5FD05}
		{1FEFAF63-9877-4C8B-AE8F-11BBB1FC9BB2} = {B9A1E279-07FF-4A59-A0B9-323B9C26B47E}
		{E2EBE602-4F04-49E1-940A-E646CDE150D4} = {3D9A5267-63E1-4E4C-8789-6B7AF5B5FD05}
	EndGlobalSection
	GlobalSection(ExtensibilityGlobals) = postSolution
		SolutionGuid = {0C1F1BB5-86C9-48CE-9874-8643E47F4A3B}
	EndGlobalSection
EndGlobal
